{
  "lockfileVersion": 1,
  "configVersion": 1,
  "workspaces": {
    "": {
      "name": "ai-agent",
      "dependencies": {
        "@mediapipe/tasks-vision": "^0.10.22-rc.20250304",
        "@openrouter/sdk": "^0.3.11",
        "@types/fluent-ffmpeg": "^2.1.28",
        "fluent-ffmpeg": "^2.1.3",
        "openai": "^6.16.0",
      },
      "devDependencies": {
        "@types/bun": "latest",
      },
      "peerDependencies": {
        "typescript": "^5",
      },
    },
  },
  "packages": {
    "@mediapipe/tasks-vision": ["@mediapipe/tasks-vision@0.10.22-rc.20250304", "", {}, "sha512-dElxVXMFGthshfIj+qAVm8KE2jmNo2p8oXFib8WzEjb7GNaX/ClWBc8UJfoSZwjEMVrdHJ4YUfa7P3ifl6MIWw=="],

    "@openrouter/sdk": ["@openrouter/sdk@0.3.11", "", { "dependencies": { "zod": "^3.25.0 || ^4.0.0" } }, "sha512-lXhyY+AFvrOjAqg6fktd/3S/6J5u5yp1nYyP6yluqVTzgnsfZs8/QM3rGa0kZdhB4d/fzJhyT+4oGNM55fH31g=="],

    "@types/bun": ["@types/bun@1.3.5", "", { "dependencies": { "bun-types": "1.3.5" } }, "sha512-RnygCqNrd3srIPEWBd5LFeUYG7plCoH2Yw9WaZGyNmdTEei+gWaHqydbaIRkIkcbXwhBT94q78QljxN0Sk838w=="],

    "@types/fluent-ffmpeg": ["@types/fluent-ffmpeg@2.1.28", "", { "dependencies": { "@types/node": "*" } }, "sha512-5ovxsDwBcPfJ+eYs1I/ZpcYCnkce7pvH9AHSvrZllAp1ZPpTRDZAFjF3TRFbukxSgIYTTNYePbS0rKUmaxVbXw=="],

    "@types/node": ["@types/node@25.0.3", "", { "dependencies": { "undici-types": "~7.16.0" } }, "sha512-W609buLVRVmeW693xKfzHeIV6nJGGz98uCPfeXI1ELMLXVeKYZ9m15fAMSaUPBHYLGFsVRcMmSCksQOrZV9BYA=="],

    "async": ["async@0.2.10", "", {}, "sha512-eAkdoKxU6/LkKDBzLpT+t6Ff5EtfSF4wx1WfJiPEEV7WNLnDaRXk0oVysiEPm262roaachGexwUv94WhSgN5TQ=="],

    "bun-types": ["bun-types@1.3.5", "", { "dependencies": { "@types/node": "*" } }, "sha512-inmAYe2PFLs0SUbFOWSVD24sg1jFlMPxOjOSSCYqUgn4Hsc3rDc7dFvfVYjFPNHtov6kgUeulV4SxbuIV/stPw=="],

    "fluent-ffmpeg": ["fluent-ffmpeg@2.1.3", "", { "dependencies": { "async": "^0.2.9", "which": "^1.1.1" } }, "sha512-Be3narBNt2s6bsaqP6Jzq91heDgOEaDCJAXcE3qcma/EJBSy5FB4cvO31XBInuAuKBx8Kptf8dkhjK0IOru39Q=="],

    "isexe": ["isexe@2.0.0", "", {}, "sha512-RHxMLp9lnKHGHRng9QFhRCMbYAcVpn69smSGcq3f36xjgVVWThj4qqLbTLlq7Ssj8B+fIQ1EuCEGI2lKsyQeIw=="],

    "openai": ["openai@6.16.0", "", { "peerDependencies": { "ws": "^8.18.0", "zod": "^3.25 || ^4.0" }, "optionalPeers": ["ws", "zod"], "bin": { "openai": "bin/cli" } }, "sha512-fZ1uBqjFUjXzbGc35fFtYKEOxd20kd9fDpFeqWtsOZWiubY8CZ1NAlXHW3iathaFvqmNtCWMIsosCuyeI7Joxg=="],

    "typescript": ["typescript@5.9.3", "", { "bin": { "tsc": "bin/tsc", "tsserver": "bin/tsserver" } }, "sha512-jl1vZzPDinLr9eUt3J/t7V6FgNEw9QjvBPdysz9KfQDD41fQrC2Y4vKQdiaUpFT4bXlb1RHhLpp8wtm6M5TgSw=="],

    "undici-types": ["undici-types@7.16.0", "", {}, "sha512-Zz+aZWSj8LE6zoxD+xrjh4VfkIG8Ya6LvYkZqtUQGJPZjYl53ypCaUwWqo7eI0x66KBGeRo+mlBEkMSeSZ38Nw=="],

    "which": ["which@1.3.1", "", { "dependencies": { "isexe": "^2.0.0" }, "bin": { "which": "./bin/which" } }, "sha512-HxJdYWq1MTIQbJ3nw0cqssHoTNU267KlrDuGZ1WYlxDStUtKUhOaJmh112/TZmHxxUfuJqPXSOm7tDyas0OSIQ=="],

    "zod": ["zod@4.3.5", "", {}, "sha512-k7Nwx6vuWx1IJ9Bjuf4Zt1PEllcwe7cls3VNzm4CQ1/hgtFUK2bRNG3rvnpPUhFjmqJKAKtjV576KnUkHocg/g=="],
  }
}
